
Microsoft Visual Studio Solution File, Format Version 12.00
# Visual Studio Version 16
VisualStudioVersion = 16.0.31911.196
MinimumVisualStudioVersion = 10.0.40219.1
Project("{FAE04EC0-301F-11D3-BF4B-00C04F79EFBC}") = "Evolution", "Evolution\Evolution.csproj", "{316B55BA-DA85-4C18-90EE-2F33ADC29160}"
EndProject
Global
	GlobalSection(SolutionConfigurationPlatforms) = preSolution
		Debug|Any CPU = Debug|Any CPU
		Release|Any CPU = Release|Any CPU
	EndGlobalSection
	GlobalSection(ProjectConfigurationPlatforms) = postSolution
		{316B55BA-DA85-4C18-90EE-2F33ADC29160}.Debug|Any CPU.ActiveCfg = Debug|Any CPU
		{316B55BA-DA85-4C18-90EE-2F33ADC29160}.Debug|Any CPU.Build.0 = Debug|Any CPU
		{316B55BA-DA85-4C18-90EE-2F33ADC29160}.Release|Any CPU.ActiveCfg = Release|Any CPU
		{316B55BA-DA85-4C18-90EE-2F33ADC29160}.Release|Any CPU.Build.0 = Release|Any CPU
	EndGlobalSection
	GlobalSection(SolutionProperties) = preSolution
		HideSolutionNode = FALSE
	EndGlobalSection
	GlobalSection(ExtensibilityGlobals) = postSolution
		SolutionGuid = {0F0983BB-64CC-45D4-94BA-4CF24CF26ACF}
	EndGlobalSection
EndGlobal
